// !$*UTF8*$!
{
	archiveVersion = 1;
	classes = {
	};
	objectVersion = 46;
	objects = {

/* Begin PBXBuildFile section */
		926A84E21C5A9FED00815656 /* AppDelegate.swift in Sources */ = {isa = PBXBuildFile; fileRef = 926A84E11C5A9FED00815656 /* AppDelegate.swift */; };
		926A84E41C5A9FED00815656 /* ViewController.swift in Sources */ = {isa = PBXBuildFile; fileRef = 926A84E31C5A9FED00815656 /* ViewController.swift */; };
		926A84E71C5A9FED00815656 /* Main.storyboard in Resources */ = {isa = PBXBuildFile; fileRef = 926A84E51C5A9FED00815656 /* Main.storyboard */; };
		926A84EA1C5A9FED00815656 /* JUXER.xcdatamodeld in Sources */ = {isa = PBXBuildFile; fileRef = 926A84E81C5A9FED00815656 /* JUXER.xcdatamodeld */; };
		926A84EC1C5A9FED00815656 /* Assets.xcassets in Resources */ = {isa = PBXBuildFile; fileRef = 926A84EB1C5A9FED00815656 /* Assets.xcassets */; };
		926A84EF1C5A9FED00815656 /* LaunchScreen.storyboard in Resources */ = {isa = PBXBuildFile; fileRef = 926A84ED1C5A9FED00815656 /* LaunchScreen.storyboard */; };
/* End PBXBuildFile section */

/* Begin PBXFileReference section */
		926A84DE1C5A9FED00815656 /* JUXER.app */ = {isa = PBXFileReference; explicitFileType = wrapper.application; includeInIndex = 0; path = JUXER.app; sourceTree = BUILT_PRODUCTS_DIR; };
		926A84E11C5A9FED00815656 /* AppDelegate.swift */ = {isa = PBXFileReference; lastKnownFileType = sourcecode.swift; path = AppDelegate.swift; sourceTree = "<group>"; };
		926A84E31C5A9FED00815656 /* ViewController.swift */ = {isa = PBXFileReference; lastKnownFileType = sourcecode.swift; path = ViewController.swift; sourceTree = "<group>"; };
		926A84E61C5A9FED00815656 /* Base */ = {isa = PBXFileReference; lastKnownFileType = file.storyboard; name = Base; path = Base.lproj/Main.storyboard; sourceTree = "<group>"; };
		926A84E91C5A9FED00815656 /* JUXER.xcdatamodel */ = {isa = PBXFileReference; lastKnownFileType = wrapper.xcdatamodel; path = JUXER.xcdatamodel; sourceTree = "<group>"; };
		926A84EB1C5A9FED00815656 /* Assets.xcassets */ = {isa = PBXFileReference; lastKnownFileType = folder.assetcatalog; path = Assets.xcassets; sourceTree = "<group>"; };
		926A84EE1C5A9FED00815656 /* Base */ = {isa = PBXFileReference; lastKnownFileType = file.storyboard; name = Base; path = Base.lproj/LaunchScreen.storyboard; sourceTree = "<group>"; };
		926A84F01C5A9FEE00815656 /* Info.plist */ = {isa = PBXFileReference; lastKnownFileType = text.plist.xml; path = Info.plist; sourceTree = "<group>"; };
/* End PBXFileReference section */

/* Begin PBXFrameworksBuildPhase section */
		926A84DB1C5A9FED00815656 /* Frameworks */ = {
			isa = PBXFrameworksBuildPhase;
			buildActionMask = 2147483647;
			files = (
			);
			runOnlyForDeploymentPostprocessing = 0;
		};
/* End PBXFrameworksBuildPhase section */

/* Begin PBXGroup section */
		926A84D51C5A9FED00815656 = {
			isa = PBXGroup;
			children = (
				926A84E01C5A9FED00815656 /* JUXER */,
				926A84DF1C5A9FED00815656 /* Products */,
			);
			sourceTree = "<group>";
		};
		926A84DF1C5A9FED00815656 /* Products */ = {
			isa = PBXGroup;
			children = (
				926A84DE1C5A9FED00815656 /* JUXER.app */,
			);
			name = Products;
			sourceTree = "<group>";
		};
		926A84E01C5A9FED00815656 /* JUXER */ = {
			isa = PBXGroup;
			children = (
				926A84E11C5A9FED00815656 /* AppDelegate.swift */,
				926A84E31C5A9FED00815656 /* ViewController.swift */,
				926A84E51C5A9FED00815656 /* Main.storyboard */,
				926A84EB1C5A9FED00815656 /* Assets.xcassets */,
				926A84ED1C5A9FED00815656 /* LaunchScreen.storyboard */,
				926A84F01C5A9FEE00815656 /* Info.plist */,
				926A84E81C5A9FED00815656 /* JUXER.xcdatamodeld */,
			);
			path = JUXER;
			sourceTree = "<group>";
		};
/* End PBXGroup section */

/* Begin PBXNativeTarget section */
		926A84DD1C5A9FED00815656 /* JUXER */ = {
			isa = PBXNativeTarget;
			buildConfigurationList = 926A84F31C5A9FEE00815656 /* Build configuration list for PBXNativeTarget "JUXER" */;
			buildPhases = (
				926A84DA1C5A9FED00815656 /* Sources */,
				926A84DB1C5A9FED00815656 /* Frameworks */,
				926A84DC1C5A9FED00815656 /* Resources */,
			);
			buildRules = (
			);
			dependencies = (
			);
			name = JUXER;
			productName = JUXER;
			productReference = 926A84DE1C5A9FED00815656 /* JUXER.app */;
			productType = "com.apple.product-type.application";
		};
/* End PBXNativeTarget section */

/* Begin PBXProject section */
		926A84D61C5A9FED00815656 /* Project object */ = {
			isa = PBXProject;
			attributes = {
				LastUpgradeCheck = 0700;
				ORGANIZATIONNAME = "Joao Victor Almeida";
				TargetAttributes = {
					926A84DD1C5A9FED00815656 = {
						CreatedOnToolsVersion = 7.0;
					};
				};
			};
			buildConfigurationList = 926A84D91C5A9FED00815656 /* Build configuration list for PBXProject "JUXER" */;
			compatibilityVersion = "Xcode 3.2";
			developmentRegion = English;
			hasScannedForEncodings = 0;
			knownRegions = (
				en,
				Base,
			);
			mainGroup = 926A84D51C5A9FED00815656;
			productRefGroup = 926A84DF1C5A9FED00815656 /* Products */;
			projectDirPath = "";
			projectRoot = "";
			targets = (
				926A84DD1C5A9FED00815656 /* JUXER */,
			);
		};
/* End PBXProject section */

/* Begin PBXResourcesBuildPhase section */
		926A84DC1C5A9FED00815656 /* Resources */ = {
			isa = PBXResourcesBuildPhase;
			buildActionMask = 2147483647;
			files = (
				926A84EF1C5A9FED00815656 /* LaunchScreen.storyboard in Resources */,
				926A84EC1C5A9FED00815656 /* Assets.xcassets in Resources */,
				926A84E71C5A9FED00815656 /* Main.storyboard in Resources */,
			);
			runOnlyForDeploymentPostprocessing = 0;
		};
/* End PBXResourcesBuildPhase section */

/* Begin PBXSourcesBuildPhase section */
		926A84DA1C5A9FED00815656 /* Sources */ = {
			isa = PBXSourcesBuildPhase;
			buildActionMask = 2147483647;
			files = (
				926A84E41C5A9FED00815656 /* ViewController.swift in Sources */,
				926A84EA1C5A9FED00815656 /* JUXER.xcdatamodeld in Sources */,
				926A84E21C5A9FED00815656 /* AppDelegate.swift in Sources */,
			);
			runOnlyForDeploymentPostprocessing = 0;
		};
/* End PBXSourcesBuildPhase section */

/* Begin PBXVariantGroup section */
		926A84E51C5A9FED00815656 /* Main.storyboard */ = {
			isa = PBXVariantGroup;
			children = (
				926A84E61C5A9FED00815656 /* Base */,
			);
			name = Main.storyboard;
			sourceTree = "<group>";
		};
		926A84ED1C5A9FED00815656 /* LaunchScreen.storyboard */ = {
			isa = PBXVariantGroup;
			children = (
				926A84EE1C5A9FED00815656 /* Base */,
			);
			name = LaunchScreen.storyboard;
			sourceTree = "<group>";
		};
/* End PBXVariantGroup section */

/* Begin XCBuildConfiguration section */
		926A84F11C5A9FEE00815656 /* Debug */ = {
			isa = XCBuildConfiguration;
			buildSettings = {
				ALWAYS_SEARCH_USER_PATHS = NO;
				CLANG_CXX_LANGUAGE_STANDARD = "gnu++0x";
				CLANG_CXX_LIBRARY = "libc++";
				CLANG_ENABLE_MODULES = YES;
				CLANG_ENABLE_OBJC_ARC = YES;
				CLANG_WARN_BOOL_CONVERSION = YES;
				CLANG_WARN_CONSTANT_CONVERSION = YES;
				CLANG_WARN_DIRECT_OBJC_ISA_USAGE = YES_ERROR;
				CLANG_WARN_EMPTY_BODY = YES;
				CLANG_WARN_ENUM_CONVERSION = YES;
				CLANG_WARN_INT_CONVERSION = YES;
				CLANG_WARN_OBJC_ROOT_CLASS = YES_ERROR;
				CLANG_WARN_UNREACHABLE_CODE = YES;
				CLANG_WARN__DUPLICATE_METHOD_MATCH = YES;
				"CODE_SIGN_IDENTITY[sdk=iphoneos*]" = "iPhone Developer";
				COPY_PHASE_STRIP = NO;
				DEBUG_INFORMATION_FORMAT = dwarf;
				ENABLE_STRICT_OBJC_MSGSEND = YES;
				ENABLE_TESTABILITY = YES;
				GCC_C_LANGUAGE_STANDARD = gnu99;
				GCC_DYNAMIC_NO_PIC = NO;
				GCC_NO_COMMON_BLOCKS = YES;
				GCC_OPTIMIZATION_LEVEL = 0;
				GCC_PREPROCESSOR_DEFINITIONS = (
					"DEBUG=1",
					"$(inherited)",
				);
				GCC_WARN_64_TO_32_BIT_CONVERSION = YES;
				GCC_WARN_ABOUT_RETURN_TYPE = YES_ERROR;
				GCC_WARN_UNDECLARED_SELECTOR = YES;
				GCC_WARN_UNINITIALIZED_AUTOS = YES_AGGRESSIVE;
				GCC_WARN_UNUSED_FUNCTION = YES;
				GCC_WARN_UNUSED_VARIABLE = YES;
				IPHONEOS_DEPLOYMENT_TARGET = 9.0;
				MTL_ENABLE_DEBUG_INFO = YES;
				ONLY_ACTIVE_ARCH = YES;
				SDKROOT = iphoneos;
				SWIFT_OPTIMIZATION_LEVEL = "-Onone";
			};
			name = Debug;
		};
		926A84F21C5A9FEE00815656 /* Release */ = {
			isa = XCBuildConfiguration;
			buildSettings = {
				ALWAYS_SEARCH_USER_PATHS = NO;
				CLANG_CXX_LANGUAGE_STANDARD = "gnu++0x";
				CLANG_CXX_LIBRARY = "libc++";
				CLANG_ENABLE_MODULES = YES;
				CLANG_ENABLE_OBJC_ARC = YES;
				CLANG_WARN_BOOL_CONVERSION = YES;
				CLANG_WARN_CONSTANT_CONVERSION = YES;
				CLANG_WARN_DIRECT_OBJC_ISA_USAGE = YES_ERROR;
				CLANG_WARN_EMPTY_BODY = YES;
				CLANG_WARN_ENUM_CONVERSION = YES;
				CLANG_WARN_INT_CONVERSION = YES;
				CLANG_WARN_OBJC_ROOT_CLASS = YES_ERROR;
				CLANG_WARN_UNREACHABLE_CODE = YES;
				CLANG_WARN__DUPLICATE_METHOD_MATCH = YES;
				"CODE_SIGN_IDENTITY[sdk=iphoneos*]" = "iPhone Developer";
				COPY_PHASE_STRIP = NO;
				DEBUG_INFORMATION_FORMAT = "dwarf-with-dsym";
				ENABLE_NS_ASSERTIONS = NO;
				ENABLE_STRICT_OBJC_MSGSEND = YES;
				GCC_C_LANGUAGE_STANDARD = gnu99;
				GCC_NO_COMMON_BLOCKS = YES;
				GCC_WARN_64_TO_32_BIT_CONVERSION = YES;
				GCC_WARN_ABOUT_RETURN_TYPE = YES_ERROR;
				GCC_WARN_UNDECLARED_SELECTOR = YES;
				GCC_WARN_UNINITIALIZED_AUTOS = YES_AGGRESSIVE;
				GCC_WARN_UNUSED_FUNCTION = YES;
				GCC_WARN_UNUSED_VARIABLE = YES;
				IPHONEOS_DEPLOYMENT_TARGET = 9.0;
				MTL_ENABLE_DEBUG_INFO = NO;
				SDKROOT = iphoneos;
				VALIDATE_PRODUCT = YES;
			};
			name = Release;
		};
		926A84F41C5A9FEE00815656 /* Debug */ = {
			isa = XCBuildConfiguration;
			buildSettings = {
				ASSETCATALOG_COMPILER_APPICON_NAME = AppIcon;
				INFOPLIST_FILE = JUXER/Info.plist;
				LD_RUNPATH_SEARCH_PATHS = "$(inherited) @executable_path/Frameworks";
				PRODUCT_BUNDLE_IDENTIFIER = com.JoaoVictorAlmeida.JUXER;
				PRODUCT_NAME = "$(TARGET_NAME)";
			};
			name = Debug;
		};
		926A84F51C5A9FEE00815656 /* Release */ = {
			isa = XCBuildConfiguration;
			buildSettings = {
				ASSETCATALOG_COMPILER_APPICON_NAME = AppIcon;
				INFOPLIST_FILE = JUXER/Info.plist;
				LD_RUNPATH_SEARCH_PATHS = "$(inherited) @executable_path/Frameworks";
				PRODUCT_BUNDLE_IDENTIFIER = com.JoaoVictorAlmeida.JUXER;
				PRODUCT_NAME = "$(TARGET_NAME)";
			};
			name = Release;
		};
/* End XCBuildConfiguration section */

/* Begin XCConfigurationList section */
		926A84D91C5A9FED00815656 /* Build configuration list for PBXProject "JUXER" */ = {
			isa = XCConfigurationList;
			buildConfigurations = (
				926A84F11C5A9FEE00815656 /* Debug */,
				926A84F21C5A9FEE00815656 /* Release */,
			);
			defaultConfigurationIsVisible = 0;
			defaultConfigurationName = Release;
		};
		926A84F31C5A9FEE00815656 /* Build configuration list for PBXNativeTarget "JUXER" */ = {
			isa = XCConfigurationList;
			buildConfigurations = (
				926A84F41C5A9FEE00815656 /* Debug */,
				926A84F51C5A9FEE00815656 /* Release */,
			);
			defaultConfigurationIsVisible = 0;
		};
/* End XCConfigurationList section */

/* Begin XCVersionGroup section */
		926A84E81C5A9FED00815656 /* JUXER.xcdatamodeld */ = {
			isa = XCVersionGroup;
			children = (
				926A84E91C5A9FED00815656 /* JUXER.xcdatamodel */,
			);
			currentVersion = 926A84E91C5A9FED00815656 /* JUXER.xcdatamodel */;
			path = JUXER.xcdatamodeld;
			sourceTree = "<group>";
			versionGroupType = wrapper.xcdatamodel;
		};
/* End XCVersionGroup section */
	};
	rootObject = 926A84D61C5A9FED00815656 /* Project object */;
}
